
Microsoft Visual Studio Solution File, Format Version 12.00
# Visual Studio 15
VisualStudioVersion = 15.0.28307.329
MinimumVisualStudioVersion = 10.0.40219.1
Project("{8BC9CEB8-8B4A-11D0-8D11-00A0C91BC942}") = "O365PWSync_LSAProvider", "O365PWSync_LSAProvider\O365PWSync_LSAProvider.vcxproj", "{A26DA444-DA2C-430C-B9DF-AAEE18C26BCB}"
EndProject
Project("{FAE04EC0-301F-11D3-BF4B-00C04F79EFBC}") = "O365PWSync_SyncService", "O365PWSync_SyncService\O365PWSync_SyncService.csproj", "{0A41D53D-85D2-4003-AD69-4F3457197C23}"
	ProjectSection(ProjectDependencies) = postProject
		{FDC1AF37-406C-4138-9D74-8ADD3E05B261} = {FDC1AF37-406C-4138-9D74-8ADD3E05B261}
	EndProjectSection
EndProject
Project("{FAE04EC0-301F-11D3-BF4B-00C04F79EFBC}") = "O365PWSync_SyncServiceConfig", "O365PWSync_SyncServiceConfig\O365PWSync_SyncServiceConfig.csproj", "{FDC1AF37-406C-4138-9D74-8ADD3E05B261}"
EndProject
Project("{930C7802-8A8C-48F9-8165-68863BCCD9DD}") = "O365PWSync_Installer64", "O365PWSync_Installer64\O365PWSync_Installer64.wixproj", "{5E58AC5A-FFC4-4CBF-B011-D9951ED34246}"
	ProjectSection(ProjectDependencies) = postProject
		{FDC1AF37-406C-4138-9D74-8ADD3E05B261} = {FDC1AF37-406C-4138-9D74-8ADD3E05B261}
	EndProjectSection
EndProject
Project("{FAE04EC0-301F-11D3-BF4B-00C04F79EFBC}") = "O365PWSync_O365Client", "O365PWSync_O365Client\O365PWSync_O365Client.csproj", "{CA280AA4-6706-4A8A-86CB-1EB3DA944F4A}"
EndProject
Project("{FAE04EC0-301F-11D3-BF4B-00C04F79EFBC}") = "O365PWSync_TestSyncTool", "O365PWSync_TestSyncTool\O365PWSync_TestSyncTool.csproj", "{FA292B8F-640C-4AEE-91DE-F97776F00108}"
	ProjectSection(ProjectDependencies) = postProject
		{CA280AA4-6706-4A8A-86CB-1EB3DA944F4A} = {CA280AA4-6706-4A8A-86CB-1EB3DA944F4A}
	EndProjectSection
EndProject
Project("{FAE04EC0-301F-11D3-BF4B-00C04F79EFBC}") = "O365PWSync_ConfigHandler", "O365PWSync_ConfigHandler\O365PWSync_ConfigHandler.csproj", "{325E8D9B-A040-4468-A60E-06A7E0709CAC}"
EndProject
Global
	GlobalSection(SolutionConfigurationPlatforms) = preSolution
		Debug|Any CPU = Debug|Any CPU
		Debug|x64 = Debug|x64
		Debug|x86 = Debug|x86
		Release|Any CPU = Release|Any CPU
		Release|x64 = Release|x64
		Release|x86 = Release|x86
	EndGlobalSection
	GlobalSection(ProjectConfigurationPlatforms) = postSolution
		{A26DA444-DA2C-430C-B9DF-AAEE18C26BCB}.Debug|Any CPU.ActiveCfg = Debug|Win32
		{A26DA444-DA2C-430C-B9DF-AAEE18C26BCB}.Debug|x64.ActiveCfg = Debug|x64
		{A26DA444-DA2C-430C-B9DF-AAEE18C26BCB}.Debug|x64.Build.0 = Debug|x64
		{A26DA444-DA2C-430C-B9DF-AAEE18C26BCB}.Debug|x86.ActiveCfg = Debug|Win32
		{A26DA444-DA2C-430C-B9DF-AAEE18C26BCB}.Debug|x86.Build.0 = Debug|Win32
		{A26DA444-DA2C-430C-B9DF-AAEE18C26BCB}.Release|Any CPU.ActiveCfg = Release|Win32
		{A26DA444-DA2C-430C-B9DF-AAEE18C26BCB}.Release|x64.ActiveCfg = Release|x64
		{A26DA444-DA2C-430C-B9DF-AAEE18C26BCB}.Release|x64.Build.0 = Release|x64
		{A26DA444-DA2C-430C-B9DF-AAEE18C26BCB}.Release|x86.ActiveCfg = Release|Win32
		{A26DA444-DA2C-430C-B9DF-AAEE18C26BCB}.Release|x86.Build.0 = Release|Win32
		{0A41D53D-85D2-4003-AD69-4F3457197C23}.Debug|Any CPU.ActiveCfg = Debug|Any CPU
		{0A41D53D-85D2-4003-AD69-4F3457197C23}.Debug|Any CPU.Build.0 = Debug|Any CPU
		{0A41D53D-85D2-4003-AD69-4F3457197C23}.Debug|x64.ActiveCfg = Debug|Any CPU
		{0A41D53D-85D2-4003-AD69-4F3457197C23}.Debug|x64.Build.0 = Debug|Any CPU
		{0A41D53D-85D2-4003-AD69-4F3457197C23}.Debug|x86.ActiveCfg = Debug|Any CPU
		{0A41D53D-85D2-4003-AD69-4F3457197C23}.Debug|x86.Build.0 = Debug|Any CPU
		{0A41D53D-85D2-4003-AD69-4F3457197C23}.Release|Any CPU.ActiveCfg = Release|Any CPU
		{0A41D53D-85D2-4003-AD69-4F3457197C23}.Release|Any CPU.Build.0 = Release|Any CPU
		{0A41D53D-85D2-4003-AD69-4F3457197C23}.Release|x64.ActiveCfg = Release|Any CPU
		{0A41D53D-85D2-4003-AD69-4F3457197C23}.Release|x64.Build.0 = Release|Any CPU
		{0A41D53D-85D2-4003-AD69-4F3457197C23}.Release|x86.ActiveCfg = Release|Any CPU
		{0A41D53D-85D2-4003-AD69-4F3457197C23}.Release|x86.Build.0 = Release|Any CPU
		{FDC1AF37-406C-4138-9D74-8ADD3E05B261}.Debug|Any CPU.ActiveCfg = Debug|Any CPU
		{FDC1AF37-406C-4138-9D74-8ADD3E05B261}.Debug|Any CPU.Build.0 = Debug|Any CPU
		{FDC1AF37-406C-4138-9D74-8ADD3E05B261}.Debug|x64.ActiveCfg = Debug|Any CPU
		{FDC1AF37-406C-4138-9D74-8ADD3E05B261}.Debug|x64.Build.0 = Debug|Any CPU
		{FDC1AF37-406C-4138-9D74-8ADD3E05B261}.Debug|x86.ActiveCfg = Debug|Any CPU
		{FDC1AF37-406C-4138-9D74-8ADD3E05B261}.Debug|x86.Build.0 = Debug|Any CPU
		{FDC1AF37-406C-4138-9D74-8ADD3E05B261}.Release|Any CPU.ActiveCfg = Release|Any CPU
		{FDC1AF37-406C-4138-9D74-8ADD3E05B261}.Release|Any CPU.Build.0 = Release|Any CPU
		{FDC1AF37-406C-4138-9D74-8ADD3E05B261}.Release|x64.ActiveCfg = Release|Any CPU
		{FDC1AF37-406C-4138-9D74-8ADD3E05B261}.Release|x64.Build.0 = Release|Any CPU
		{FDC1AF37-406C-4138-9D74-8ADD3E05B261}.Release|x86.ActiveCfg = Release|Any CPU
		{FDC1AF37-406C-4138-9D74-8ADD3E05B261}.Release|x86.Build.0 = Release|Any CPU
		{5E58AC5A-FFC4-4CBF-B011-D9951ED34246}.Debug|Any CPU.ActiveCfg = Debug|x86
		{5E58AC5A-FFC4-4CBF-B011-D9951ED34246}.Debug|x64.ActiveCfg = Debug|x86
		{5E58AC5A-FFC4-4CBF-B011-D9951ED34246}.Debug|x86.ActiveCfg = Debug|x86
		{5E58AC5A-FFC4-4CBF-B011-D9951ED34246}.Debug|x86.Build.0 = Debug|x86
		{5E58AC5A-FFC4-4CBF-B011-D9951ED34246}.Release|Any CPU.ActiveCfg = Release|x86
		{5E58AC5A-FFC4-4CBF-B011-D9951ED34246}.Release|x64.ActiveCfg = Release|x86
		{5E58AC5A-FFC4-4CBF-B011-D9951ED34246}.Release|x86.ActiveCfg = Release|x86
		{5E58AC5A-FFC4-4CBF-B011-D9951ED34246}.Release|x86.Build.0 = Release|x86
		{CA280AA4-6706-4A8A-86CB-1EB3DA944F4A}.Debug|Any CPU.ActiveCfg = Debug|Any CPU
		{CA280AA4-6706-4A8A-86CB-1EB3DA944F4A}.Debug|Any CPU.Build.0 = Debug|Any CPU
		{CA280AA4-6706-4A8A-86CB-1EB3DA944F4A}.Debug|x64.ActiveCfg = Debug|Any CPU
		{CA280AA4-6706-4A8A-86CB-1EB3DA944F4A}.Debug|x64.Build.0 = Debug|Any CPU
		{CA280AA4-6706-4A8A-86CB-1EB3DA944F4A}.Debug|x86.ActiveCfg = Debug|Any CPU
		{CA280AA4-6706-4A8A-86CB-1EB3DA944F4A}.Debug|x86.Build.0 = Debug|Any CPU
		{CA280AA4-6706-4A8A-86CB-1EB3DA944F4A}.Release|Any CPU.ActiveCfg = Release|Any CPU
		{CA280AA4-6706-4A8A-86CB-1EB3DA944F4A}.Release|Any CPU.Build.0 = Release|Any CPU
		{CA280AA4-6706-4A8A-86CB-1EB3DA944F4A}.Release|x64.ActiveCfg = Release|Any CPU
		{CA280AA4-6706-4A8A-86CB-1EB3DA944F4A}.Release|x64.Build.0 = Release|Any CPU
		{CA280AA4-6706-4A8A-86CB-1EB3DA944F4A}.Release|x86.ActiveCfg = Release|Any CPU
		{CA280AA4-6706-4A8A-86CB-1EB3DA944F4A}.Release|x86.Build.0 = Release|Any CPU
		{FA292B8F-640C-4AEE-91DE-F97776F00108}.Debug|Any CPU.ActiveCfg = Debug|Any CPU
		{FA292B8F-640C-4AEE-91DE-F97776F00108}.Debug|Any CPU.Build.0 = Debug|Any CPU
		{FA292B8F-640C-4AEE-91DE-F97776F00108}.Debug|x64.ActiveCfg = Debug|Any CPU
		{FA292B8F-640C-4AEE-91DE-F97776F00108}.Debug|x64.Build.0 = Debug|Any CPU
		{FA292B8F-640C-4AEE-91DE-F97776F00108}.Debug|x86.ActiveCfg = Debug|Any CPU
		{FA292B8F-640C-4AEE-91DE-F97776F00108}.Debug|x86.Build.0 = Debug|Any CPU
		{FA292B8F-640C-4AEE-91DE-F97776F00108}.Release|Any CPU.ActiveCfg = Release|Any CPU
		{FA292B8F-640C-4AEE-91DE-F97776F00108}.Release|Any CPU.Build.0 = Release|Any CPU
		{FA292B8F-640C-4AEE-91DE-F97776F00108}.Release|x64.ActiveCfg = Release|Any CPU
		{FA292B8F-640C-4AEE-91DE-F97776F00108}.Release|x64.Build.0 = Release|Any CPU
		{FA292B8F-640C-4AEE-91DE-F97776F00108}.Release|x86.ActiveCfg = Release|Any CPU
		{FA292B8F-640C-4AEE-91DE-F97776F00108}.Release|x86.Build.0 = Release|Any CPU
		{325E8D9B-A040-4468-A60E-06A7E0709CAC}.Debug|Any CPU.ActiveCfg = Debug|Any CPU
		{325E8D9B-A040-4468-A60E-06A7E0709CAC}.Debug|Any CPU.Build.0 = Debug|Any CPU
		{325E8D9B-A040-4468-A60E-06A7E0709CAC}.Debug|x64.ActiveCfg = Debug|Any CPU
		{325E8D9B-A040-4468-A60E-06A7E0709CAC}.Debug|x64.Build.0 = Debug|Any CPU
		{325E8D9B-A040-4468-A60E-06A7E0709CAC}.Debug|x86.ActiveCfg = Debug|Any CPU
		{325E8D9B-A040-4468-A60E-06A7E0709CAC}.Debug|x86.Build.0 = Debug|Any CPU
		{325E8D9B-A040-4468-A60E-06A7E0709CAC}.Release|Any CPU.ActiveCfg = Release|Any CPU
		{325E8D9B-A040-4468-A60E-06A7E0709CAC}.Release|Any CPU.Build.0 = Release|Any CPU
		{325E8D9B-A040-4468-A60E-06A7E0709CAC}.Release|x64.ActiveCfg = Release|Any CPU
		{325E8D9B-A040-4468-A60E-06A7E0709CAC}.Release|x64.Build.0 = Release|Any CPU
		{325E8D9B-A040-4468-A60E-06A7E0709CAC}.Release|x86.ActiveCfg = Release|Any CPU
		{325E8D9B-A040-4468-A60E-06A7E0709CAC}.Release|x86.Build.0 = Release|Any CPU
	EndGlobalSection
	GlobalSection(SolutionProperties) = preSolution
		HideSolutionNode = FALSE
	EndGlobalSection
	GlobalSection(ExtensibilityGlobals) = postSolution
		SolutionGuid = {5E9F0454-6899-4FB6-9D3E-480B9D3DF808}
	EndGlobalSection
EndGlobal
